
Microsoft Visual Studio Solution File, Format Version 12.00
# Visual Studio Version 17
VisualStudioVersion = 17.4.33122.133
MinimumVisualStudioVersion = 10.0.40219.1
Project("{FAE04EC0-301F-11D3-BF4B-00C04F79EFBC}") = "Switch-Case", "Switch-Case\Switch-Case.csproj", "{1289A404-B0F2-447F-AD50-4C2F62ACB83A}"
EndProject
Global
	GlobalSection(SolutionConfigurationPlatforms) = preSolution
		Debug|Any CPU = Debug|Any CPU
		Release|Any CPU = Release|Any CPU
	EndGlobalSection
	GlobalSection(ProjectConfigurationPlatforms) = postSolution
		{1289A404-B0F2-447F-AD50-4C2F62ACB83A}.Debug|Any CPU.ActiveCfg = Debug|Any CPU
		{1289A404-B0F2-447F-AD50-4C2F62ACB83A}.Debug|Any CPU.Build.0 = Debug|Any CPU
		{1289A404-B0F2-447F-AD50-4C2F62ACB83A}.Release|Any CPU.ActiveCfg = Release|Any CPU
		{1289A404-B0F2-447F-AD50-4C2F62ACB83A}.Release|Any CPU.Build.0 = Release|Any CPU
	EndGlobalSection
	GlobalSection(SolutionProperties) = preSolution
		HideSolutionNode = FALSE
	EndGlobalSection
	GlobalSection(ExtensibilityGlobals) = postSolution
		SolutionGuid = {D042161B-AAE6-48AF-97E7-7BFB577C24C7}
	EndGlobalSection
EndGlobal
